// !$*UTF8*$!
{
	archiveVersion = 1;
	classes = {
	};
	objectVersion = 46;
	objects = {

/* Begin PBXBuildFile section */
		FDAE2A1E1DB7B2DD00A37575 /* AppDelegate.swift in Sources */ = {isa = PBXBuildFile; fileRef = FDAE2A1D1DB7B2DD00A37575 /* AppDelegate.swift */; };
		FDAE2A201DB7B2DD00A37575 /* ViewController.swift in Sources */ = {isa = PBXBuildFile; fileRef = FDAE2A1F1DB7B2DD00A37575 /* ViewController.swift */; };
		FDAE2A231DB7B2DD00A37575 /* Main.storyboard in Resources */ = {isa = PBXBuildFile; fileRef = FDAE2A211DB7B2DD00A37575 /* Main.storyboard */; };
		FDAE2A261DB7B2DD00A37575 /* test.xcdatamodeld in Sources */ = {isa = PBXBuildFile; fileRef = FDAE2A241DB7B2DD00A37575 /* test.xcdatamodeld */; };
		FDAE2A281DB7B2DD00A37575 /* Assets.xcassets in Resources */ = {isa = PBXBuildFile; fileRef = FDAE2A271DB7B2DD00A37575 /* Assets.xcassets */; };
		FDAE2A2B1DB7B2DD00A37575 /* LaunchScreen.storyboard in Resources */ = {isa = PBXBuildFile; fileRef = FDAE2A291DB7B2DD00A37575 /* LaunchScreen.storyboard */; };
/* End PBXBuildFile section */

/* Begin PBXFileReference section */
		FDAE2A1A1DB7B2DD00A37575 /* test.app */ = {isa = PBXFileReference; explicitFileType = wrapper.application; includeInIndex = 0; path = test.app; sourceTree = BUILT_PRODUCTS_DIR; };
		FDAE2A1D1DB7B2DD00A37575 /* AppDelegate.swift */ = {isa = PBXFileReference; lastKnownFileType = sourcecode.swift; path = AppDelegate.swift; sourceTree = "<group>"; };
		FDAE2A1F1DB7B2DD00A37575 /* ViewController.swift */ = {isa = PBXFileReference; lastKnownFileType = sourcecode.swift; path = ViewController.swift; sourceTree = "<group>"; };
		FDAE2A221DB7B2DD00A37575 /* Base */ = {isa = PBXFileReference; lastKnownFileType = file.storyboard; name = Base; path = Base.lproj/Main.storyboard; sourceTree = "<group>"; };
		FDAE2A251DB7B2DD00A37575 /* test.xcdatamodel */ = {isa = PBXFileReference; lastKnownFileType = wrapper.xcdatamodel; path = test.xcdatamodel; sourceTree = "<group>"; };
		FDAE2A271DB7B2DD00A37575 /* Assets.xcassets */ = {isa = PBXFileReference; lastKnownFileType = folder.assetcatalog; path = Assets.xcassets; sourceTree = "<group>"; };
		FDAE2A2A1DB7B2DD00A37575 /* Base */ = {isa = PBXFileReference; lastKnownFileType = file.storyboard; name = Base; path = Base.lproj/LaunchScreen.storyboard; sourceTree = "<group>"; };
		FDAE2A2C1DB7B2DD00A37575 /* Info.plist */ = {isa = PBXFileReference; lastKnownFileType = text.plist.xml; path = Info.plist; sourceTree = "<group>"; };
/* End PBXFileReference section */

/* Begin PBXFrameworksBuildPhase section */
		FDAE2A171DB7B2DD00A37575 /* Frameworks */ = {
			isa = PBXFrameworksBuildPhase;
			buildActionMask = 2147483647;
			files = (
			);
			runOnlyForDeploymentPostprocessing = 0;
		};
/* End PBXFrameworksBuildPhase section */

/* Begin PBXGroup section */
		FDAE2A111DB7B2DD00A37575 = {
			isa = PBXGroup;
			children = (
				FDAE2A1C1DB7B2DD00A37575 /* test */,
				FDAE2A1B1DB7B2DD00A37575 /* Products */,
			);
			sourceTree = "<group>";
		};
		FDAE2A1B1DB7B2DD00A37575 /* Products */ = {
			isa = PBXGroup;
			children = (
				FDAE2A1A1DB7B2DD00A37575 /* test.app */,
			);
			name = Products;
			sourceTree = "<group>";
		};
		FDAE2A1C1DB7B2DD00A37575 /* test */ = {
			isa = PBXGroup;
			children = (
				FDAE2A1D1DB7B2DD00A37575 /* AppDelegate.swift */,
				FDAE2A1F1DB7B2DD00A37575 /* ViewController.swift */,
				FDAE2A211DB7B2DD00A37575 /* Main.storyboard */,
				FDAE2A271DB7B2DD00A37575 /* Assets.xcassets */,
				FDAE2A291DB7B2DD00A37575 /* LaunchScreen.storyboard */,
				FDAE2A2C1DB7B2DD00A37575 /* Info.plist */,
				FDAE2A241DB7B2DD00A37575 /* test.xcdatamodeld */,
			);
			path = test;
			sourceTree = "<group>";
		};
/* End PBXGroup section */

/* Begin PBXNativeTarget section */
		FDAE2A191DB7B2DD00A37575 /* test */ = {
			isa = PBXNativeTarget;
			buildConfigurationList = FDAE2A2F1DB7B2DD00A37575 /* Build configuration list for PBXNativeTarget "test" */;
			buildPhases = (
				FDAE2A161DB7B2DD00A37575 /* Sources */,
				FDAE2A171DB7B2DD00A37575 /* Frameworks */,
				FDAE2A181DB7B2DD00A37575 /* Resources */,
			);
			buildRules = (
			);
			dependencies = (
			);
			name = test;
			productName = test;
			productReference = FDAE2A1A1DB7B2DD00A37575 /* test.app */;
			productType = "com.apple.product-type.application";
		};
/* End PBXNativeTarget section */

/* Begin PBXProject section */
		FDAE2A121DB7B2DD00A37575 /* Project object */ = {
			isa = PBXProject;
			attributes = {
				LastSwiftUpdateCheck = 0800;
				LastUpgradeCheck = 0800;
				ORGANIZATIONNAME = "陈小爷";
				TargetAttributes = {
					FDAE2A191DB7B2DD00A37575 = {
						CreatedOnToolsVersion = 8.0;
						ProvisioningStyle = Automatic;
					};
				};
			};
			buildConfigurationList = FDAE2A151DB7B2DD00A37575 /* Build configuration list for PBXProject "test" */;
			compatibilityVersion = "Xcode 3.2";
			developmentRegion = English;
			hasScannedForEncodings = 0;
			knownRegions = (
				en,
				Base,
			);
			mainGroup = FDAE2A111DB7B2DD00A37575;
			productRefGroup = FDAE2A1B1DB7B2DD00A37575 /* Products */;
			projectDirPath = "";
			projectRoot = "";
			targets = (
				FDAE2A191DB7B2DD00A37575 /* test */,
			);
		};
/* End PBXProject section */

/* Begin PBXResourcesBuildPhase section */
		FDAE2A181DB7B2DD00A37575 /* Resources */ = {
			isa = PBXResourcesBuildPhase;
			buildActionMask = 2147483647;
			files = (
				FDAE2A2B1DB7B2DD00A37575 /* LaunchScreen.storyboard in Resources */,
				FDAE2A281DB7B2DD00A37575 /* Assets.xcassets in Resources */,
				FDAE2A231DB7B2DD00A37575 /* Main.storyboard in Resources */,
			);
			runOnlyForDeploymentPostprocessing = 0;
		};
/* End PBXResourcesBuildPhase section */

/* Begin PBXSourcesBuildPhase section */
		FDAE2A161DB7B2DD00A37575 /* Sources */ = {
			isa = PBXSourcesBuildPhase;
			buildActionMask = 2147483647;
			files = (
				FDAE2A201DB7B2DD00A37575 /* ViewController.swift in Sources */,
				FDAE2A1E1DB7B2DD00A37575 /* AppDelegate.swift in Sources */,
				FDAE2A261DB7B2DD00A37575 /* test.xcdatamodeld in Sources */,
			);
			runOnlyForDeploymentPostprocessing = 0;
		};
/* End PBXSourcesBuildPhase section */

/* Begin PBXVariantGroup section */
		FDAE2A211DB7B2DD00A37575 /* Main.storyboard */ = {
			isa = PBXVariantGroup;
			children = (
				FDAE2A221DB7B2DD00A37575 /* Base */,
			);
			name = Main.storyboard;
			sourceTree = "<group>";
		};
		FDAE2A291DB7B2DD00A37575 /* LaunchScreen.storyboard */ = {
			isa = PBXVariantGroup;
			children = (
				FDAE2A2A1DB7B2DD00A37575 /* Base */,
			);
			name = LaunchScreen.storyboard;
			sourceTree = "<group>";
		};
/* End PBXVariantGroup section */

/* Begin XCBuildConfiguration section */
		FDAE2A2D1DB7B2DD00A37575 /* Debug */ = {
			isa = XCBuildConfiguration;
			buildSettings = {
				ALWAYS_SEARCH_USER_PATHS = NO;
				CLANG_ANALYZER_NONNULL = YES;
				CLANG_CXX_LANGUAGE_STANDARD = "gnu++0x";
				CLANG_CXX_LIBRARY = "libc++";
				CLANG_ENABLE_MODULES = YES;
				CLANG_ENABLE_OBJC_ARC = YES;
				CLANG_WARN_BOOL_CONVERSION = YES;
				CLANG_WARN_CONSTANT_CONVERSION = YES;
				CLANG_WARN_DIRECT_OBJC_ISA_USAGE = YES_ERROR;
				CLANG_WARN_DOCUMENTATION_COMMENTS = YES;
				CLANG_WARN_EMPTY_BODY = YES;
				CLANG_WARN_ENUM_CONVERSION = YES;
				CLANG_WARN_INFINITE_RECURSION = YES;
				CLANG_WARN_INT_CONVERSION = YES;
				CLANG_WARN_OBJC_ROOT_CLASS = YES_ERROR;
				CLANG_WARN_SUSPICIOUS_MOVES = YES;
				CLANG_WARN_UNREACHABLE_CODE = YES;
				CLANG_WARN__DUPLICATE_METHOD_MATCH = YES;
				"CODE_SIGN_IDENTITY[sdk=iphoneos*]" = "iPhone Developer";
				COPY_PHASE_STRIP = NO;
				DEBUG_INFORMATION_FORMAT = dwarf;
				ENABLE_STRICT_OBJC_MSGSEND = YES;
				ENABLE_TESTABILITY = YES;
				GCC_C_LANGUAGE_STANDARD = gnu99;
				GCC_DYNAMIC_NO_PIC = NO;
				GCC_NO_COMMON_BLOCKS = YES;
				GCC_OPTIMIZATION_LEVEL = 0;
				GCC_PREPROCESSOR_DEFINITIONS = (
					"DEBUG=1",
					"$(inherited)",
				);
				GCC_WARN_64_TO_32_BIT_CONVERSION = YES;
				GCC_WARN_ABOUT_RETURN_TYPE = YES_ERROR;
				GCC_WARN_UNDECLARED_SELECTOR = YES;
				GCC_WARN_UNINITIALIZED_AUTOS = YES_AGGRESSIVE;
				GCC_WARN_UNUSED_FUNCTION = YES;
				GCC_WARN_UNUSED_VARIABLE = YES;
				IPHONEOS_DEPLOYMENT_TARGET = 10.0;
				MTL_ENABLE_DEBUG_INFO = YES;
				ONLY_ACTIVE_ARCH = YES;
				SDKROOT = iphoneos;
				SWIFT_ACTIVE_COMPILATION_CONDITIONS = DEBUG;
				SWIFT_OPTIMIZATION_LEVEL = "-Onone";
			};
			name = Debug;
		};
		FDAE2A2E1DB7B2DD00A37575 /* Release */ = {
			isa = XCBuildConfiguration;
			buildSettings = {
				ALWAYS_SEARCH_USER_PATHS = NO;
				CLANG_ANALYZER_NONNULL = YES;
				CLANG_CXX_LANGUAGE_STANDARD = "gnu++0x";
				CLANG_CXX_LIBRARY = "libc++";
				CLANG_ENABLE_MODULES = YES;
				CLANG_ENABLE_OBJC_ARC = YES;
				CLANG_WARN_BOOL_CONVERSION = YES;
				CLANG_WARN_CONSTANT_CONVERSION = YES;
				CLANG_WARN_DIRECT_OBJC_ISA_USAGE = YES_ERROR;
				CLANG_WARN_DOCUMENTATION_COMMENTS = YES;
				CLANG_WARN_EMPTY_BODY = YES;
				CLANG_WARN_ENUM_CONVERSION = YES;
				CLANG_WARN_INFINITE_RECURSION = YES;
				CLANG_WARN_INT_CONVERSION = YES;
				CLANG_WARN_OBJC_ROOT_CLASS = YES_ERROR;
				CLANG_WARN_SUSPICIOUS_MOVES = YES;
				CLANG_WARN_UNREACHABLE_CODE = YES;
				CLANG_WARN__DUPLICATE_METHOD_MATCH = YES;
				"CODE_SIGN_IDENTITY[sdk=iphoneos*]" = "iPhone Developer";
				COPY_PHASE_STRIP = NO;
				DEBUG_INFORMATION_FORMAT = "dwarf-with-dsym";
				ENABLE_NS_ASSERTIONS = NO;
				ENABLE_STRICT_OBJC_MSGSEND = YES;
				GCC_C_LANGUAGE_STANDARD = gnu99;
				GCC_NO_COMMON_BLOCKS = YES;
				GCC_WARN_64_TO_32_BIT_CONVERSION = YES;
				GCC_WARN_ABOUT_RETURN_TYPE = YES_ERROR;
				GCC_WARN_UNDECLARED_SELECTOR = YES;
				GCC_WARN_UNINITIALIZED_AUTOS = YES_AGGRESSIVE;
				GCC_WARN_UNUSED_FUNCTION = YES;
				GCC_WARN_UNUSED_VARIABLE = YES;
				IPHONEOS_DEPLOYMENT_TARGET = 10.0;
				MTL_ENABLE_DEBUG_INFO = NO;
				SDKROOT = iphoneos;
				SWIFT_OPTIMIZATION_LEVEL = "-Owholemodule";
				VALIDATE_PRODUCT = YES;
			};
			name = Release;
		};
		FDAE2A301DB7B2DD00A37575 /* Debug */ = {
			isa = XCBuildConfiguration;
			buildSettings = {
				ASSETCATALOG_COMPILER_APPICON_NAME = AppIcon;
				INFOPLIST_FILE = test/Info.plist;
				LD_RUNPATH_SEARCH_PATHS = "$(inherited) @executable_path/Frameworks";
				PRODUCT_BUNDLE_IDENTIFIER = chenfei.test;
				PRODUCT_NAME = "$(TARGET_NAME)";
				SWIFT_VERSION = 3.0;
			};
			name = Debug;
		};
		FDAE2A311DB7B2DD00A37575 /* Release */ = {
			isa = XCBuildConfiguration;
			buildSettings = {
				ASSETCATALOG_COMPILER_APPICON_NAME = AppIcon;
				INFOPLIST_FILE = test/Info.plist;
				LD_RUNPATH_SEARCH_PATHS = "$(inherited) @executable_path/Frameworks";
				PRODUCT_BUNDLE_IDENTIFIER = chenfei.test;
				PRODUCT_NAME = "$(TARGET_NAME)";
				SWIFT_VERSION = 3.0;
			};
			name = Release;
		};
/* End XCBuildConfiguration section */

/* Begin XCConfigurationList section */
		FDAE2A151DB7B2DD00A37575 /* Build configuration list for PBXProject "test" */ = {
			isa = XCConfigurationList;
			buildConfigurations = (
				FDAE2A2D1DB7B2DD00A37575 /* Debug */,
				FDAE2A2E1DB7B2DD00A37575 /* Release */,
			);
			defaultConfigurationIsVisible = 0;
			defaultConfigurationName = Release;
		};
		FDAE2A2F1DB7B2DD00A37575 /* Build configuration list for PBXNativeTarget "test" */ = {
			isa = XCConfigurationList;
			buildConfigurations = (
				FDAE2A301DB7B2DD00A37575 /* Debug */,
				FDAE2A311DB7B2DD00A37575 /* Release */,
			);
			defaultConfigurationIsVisible = 0;
		};
/* End XCConfigurationList section */

/* Begin XCVersionGroup section */
		FDAE2A241DB7B2DD00A37575 /* test.xcdatamodeld */ = {
			isa = XCVersionGroup;
			children = (
				FDAE2A251DB7B2DD00A37575 /* test.xcdatamodel */,
			);
			currentVersion = FDAE2A251DB7B2DD00A37575 /* test.xcdatamodel */;
			path = test.xcdatamodeld;
			sourceTree = "<group>";
			versionGroupType = wrapper.xcdatamodel;
		};
/* End XCVersionGroup section */
	};
	rootObject = FDAE2A121DB7B2DD00A37575 /* Project object */;
}
